// !$*UTF8*$!
{
	archiveVersion = 1;
	classes = {
	};
	objectVersion = 50;
	objects = {

/* Begin PBXBuildFile section */
		185FF8DC249375F700FD52A0 /* AppDelegate.swift in Sources */ = {isa = PBXBuildFile; fileRef = 185FF8DB249375F700FD52A0 /* AppDelegate.swift */; };
		185FF8DE249375F700FD52A0 /* SceneDelegate.swift in Sources */ = {isa = PBXBuildFile; fileRef = 185FF8DD249375F700FD52A0 /* SceneDelegate.swift */; };
		185FF8E0249375F700FD52A0 /* ViewController.swift in Sources */ = {isa = PBXBuildFile; fileRef = 185FF8DF249375F700FD52A0 /* ViewController.swift */; };
		185FF8E3249375F700FD52A0 /* Main.storyboard in Resources */ = {isa = PBXBuildFile; fileRef = 185FF8E1249375F700FD52A0 /* Main.storyboard */; };
		185FF8E5249375FE00FD52A0 /* Assets.xcassets in Resources */ = {isa = PBXBuildFile; fileRef = 185FF8E4249375FE00FD52A0 /* Assets.xcassets */; };
		185FF8E8249375FE00FD52A0 /* LaunchScreen.storyboard in Resources */ = {isa = PBXBuildFile; fileRef = 185FF8E6249375FE00FD52A0 /* LaunchScreen.storyboard */; };
		185FF8F3249375FF00FD52A0 /* SevenTests.swift in Sources */ = {isa = PBXBuildFile; fileRef = 185FF8F2249375FF00FD52A0 /* SevenTests.swift */; };
		185FF8FE2493761600FD52A0 /* GameModel.swift in Sources */ = {isa = PBXBuildFile; fileRef = 185FF8FD2493761600FD52A0 /* GameModel.swift */; };
		185FF90024937A9600FD52A0 /* GameViews.swift in Sources */ = {isa = PBXBuildFile; fileRef = 185FF8FF24937A9600FD52A0 /* GameViews.swift */; };
		185FF90224937C4300FD52A0 /* GameHelperFunctions.swift in Sources */ = {isa = PBXBuildFile; fileRef = 185FF90124937C4300FD52A0 /* GameHelperFunctions.swift */; };
		185FF904249665E800FD52A0 /* AnimationFunctions.swift in Sources */ = {isa = PBXBuildFile; fileRef = 185FF903249665E800FD52A0 /* AnimationFunctions.swift */; };
/* End PBXBuildFile section */

/* Begin PBXContainerItemProxy section */
		185FF8EF249375FF00FD52A0 /* PBXContainerItemProxy */ = {
			isa = PBXContainerItemProxy;
			containerPortal = 185FF8D0249375F700FD52A0 /* Project object */;
			proxyType = 1;
			remoteGlobalIDString = 185FF8D7249375F700FD52A0;
			remoteInfo = Seven;
		};
/* End PBXContainerItemProxy section */

/* Begin PBXFileReference section */
		185FF8D8249375F700FD52A0 /* Seven.app */ = {isa = PBXFileReference; explicitFileType = wrapper.application; includeInIndex = 0; path = Seven.app; sourceTree = BUILT_PRODUCTS_DIR; };
		185FF8DB249375F700FD52A0 /* AppDelegate.swift */ = {isa = PBXFileReference; lastKnownFileType = sourcecode.swift; path = AppDelegate.swift; sourceTree = "<group>"; };
		185FF8DD249375F700FD52A0 /* SceneDelegate.swift */ = {isa = PBXFileReference; lastKnownFileType = sourcecode.swift; path = SceneDelegate.swift; sourceTree = "<group>"; };
		185FF8DF249375F700FD52A0 /* ViewController.swift */ = {isa = PBXFileReference; lastKnownFileType = sourcecode.swift; path = ViewController.swift; sourceTree = "<group>"; };
		185FF8E2249375F700FD52A0 /* Base */ = {isa = PBXFileReference; lastKnownFileType = file.storyboard; name = Base; path = Base.lproj/Main.storyboard; sourceTree = "<group>"; };
		185FF8E4249375FE00FD52A0 /* Assets.xcassets */ = {isa = PBXFileReference; lastKnownFileType = folder.assetcatalog; path = Assets.xcassets; sourceTree = "<group>"; };
		185FF8E7249375FE00FD52A0 /* Base */ = {isa = PBXFileReference; lastKnownFileType = file.storyboard; name = Base; path = Base.lproj/LaunchScreen.storyboard; sourceTree = "<group>"; };
		185FF8E9249375FE00FD52A0 /* Info.plist */ = {isa = PBXFileReference; lastKnownFileType = text.plist.xml; path = Info.plist; sourceTree = "<group>"; };
		185FF8EE249375FF00FD52A0 /* SevenTests.xctest */ = {isa = PBXFileReference; explicitFileType = wrapper.cfbundle; includeInIndex = 0; path = SevenTests.xctest; sourceTree = BUILT_PRODUCTS_DIR; };
		185FF8F2249375FF00FD52A0 /* SevenTests.swift */ = {isa = PBXFileReference; lastKnownFileType = sourcecode.swift; path = SevenTests.swift; sourceTree = "<group>"; };
		185FF8F4249375FF00FD52A0 /* Info.plist */ = {isa = PBXFileReference; lastKnownFileType = text.plist.xml; path = Info.plist; sourceTree = "<group>"; };
		185FF8FD2493761600FD52A0 /* GameModel.swift */ = {isa = PBXFileReference; lastKnownFileType = sourcecode.swift; path = GameModel.swift; sourceTree = "<group>"; };
		185FF8FF24937A9600FD52A0 /* GameViews.swift */ = {isa = PBXFileReference; lastKnownFileType = sourcecode.swift; path = GameViews.swift; sourceTree = "<group>"; };
		185FF90124937C4300FD52A0 /* GameHelperFunctions.swift */ = {isa = PBXFileReference; lastKnownFileType = sourcecode.swift; path = GameHelperFunctions.swift; sourceTree = "<group>"; };
		185FF903249665E800FD52A0 /* AnimationFunctions.swift */ = {isa = PBXFileReference; lastKnownFileType = sourcecode.swift; path = AnimationFunctions.swift; sourceTree = "<group>"; };
/* End PBXFileReference section */

/* Begin PBXFrameworksBuildPhase section */
		185FF8D5249375F700FD52A0 /* Frameworks */ = {
			isa = PBXFrameworksBuildPhase;
			buildActionMask = 2147483647;
			files = (
			);
			runOnlyForDeploymentPostprocessing = 0;
		};
		185FF8EB249375FF00FD52A0 /* Frameworks */ = {
			isa = PBXFrameworksBuildPhase;
			buildActionMask = 2147483647;
			files = (
			);
			runOnlyForDeploymentPostprocessing = 0;
		};
/* End PBXFrameworksBuildPhase section */

/* Begin PBXGroup section */
		185FF8CF249375F700FD52A0 = {
			isa = PBXGroup;
			children = (
				185FF8DA249375F700FD52A0 /* Seven */,
				185FF8F1249375FF00FD52A0 /* SevenTests */,
				185FF8D9249375F700FD52A0 /* Products */,
			);
			sourceTree = "<group>";
		};
		185FF8D9249375F700FD52A0 /* Products */ = {
			isa = PBXGroup;
			children = (
				185FF8D8249375F700FD52A0 /* Seven.app */,
				185FF8EE249375FF00FD52A0 /* SevenTests.xctest */,
			);
			name = Products;
			sourceTree = "<group>";
		};
		185FF8DA249375F700FD52A0 /* Seven */ = {
			isa = PBXGroup;
			children = (
				185FF8DB249375F700FD52A0 /* AppDelegate.swift */,
				185FF8DD249375F700FD52A0 /* SceneDelegate.swift */,
				185FF8DF249375F700FD52A0 /* ViewController.swift */,
				185FF90124937C4300FD52A0 /* GameHelperFunctions.swift */,
				185FF903249665E800FD52A0 /* AnimationFunctions.swift */,
				185FF8FF24937A9600FD52A0 /* GameViews.swift */,
				185FF8FD2493761600FD52A0 /* GameModel.swift */,
				185FF8E1249375F700FD52A0 /* Main.storyboard */,
				185FF8E4249375FE00FD52A0 /* Assets.xcassets */,
				185FF8E6249375FE00FD52A0 /* LaunchScreen.storyboard */,
				185FF8E9249375FE00FD52A0 /* Info.plist */,
			);
			path = Seven;
			sourceTree = "<group>";
		};
		185FF8F1249375FF00FD52A0 /* SevenTests */ = {
			isa = PBXGroup;
			children = (
				185FF8F2249375FF00FD52A0 /* SevenTests.swift */,
				185FF8F4249375FF00FD52A0 /* Info.plist */,
			);
			path = SevenTests;
			sourceTree = "<group>";
		};
/* End PBXGroup section */

/* Begin PBXNativeTarget section */
		185FF8D7249375F700FD52A0 /* Seven */ = {
			isa = PBXNativeTarget;
			buildConfigurationList = 185FF8F7249375FF00FD52A0 /* Build configuration list for PBXNativeTarget "Seven" */;
			buildPhases = (
				185FF8D4249375F700FD52A0 /* Sources */,
				185FF8D5249375F700FD52A0 /* Frameworks */,
				185FF8D6249375F700FD52A0 /* Resources */,
			);
			buildRules = (
			);
			dependencies = (
			);
			name = Seven;
			productName = Seven;
			productReference = 185FF8D8249375F700FD52A0 /* Seven.app */;
			productType = "com.apple.product-type.application";
		};
		185FF8ED249375FF00FD52A0 /* SevenTests */ = {
			isa = PBXNativeTarget;
			buildConfigurationList = 185FF8FA249375FF00FD52A0 /* Build configuration list for PBXNativeTarget "SevenTests" */;
			buildPhases = (
				185FF8EA249375FF00FD52A0 /* Sources */,
				185FF8EB249375FF00FD52A0 /* Frameworks */,
				185FF8EC249375FF00FD52A0 /* Resources */,
			);
			buildRules = (
			);
			dependencies = (
				185FF8F0249375FF00FD52A0 /* PBXTargetDependency */,
			);
			name = SevenTests;
			productName = SevenTests;
			productReference = 185FF8EE249375FF00FD52A0 /* SevenTests.xctest */;
			productType = "com.apple.product-type.bundle.unit-test";
		};
/* End PBXNativeTarget section */

/* Begin PBXProject section */
		185FF8D0249375F700FD52A0 /* Project object */ = {
			isa = PBXProject;
			attributes = {
				LastSwiftUpdateCheck = 1150;
				LastUpgradeCheck = 1150;
				ORGANIZATIONNAME = KnowledgeIsBacon;
				TargetAttributes = {
					185FF8D7249375F700FD52A0 = {
						CreatedOnToolsVersion = 11.5;
					};
					185FF8ED249375FF00FD52A0 = {
						CreatedOnToolsVersion = 11.5;
						TestTargetID = 185FF8D7249375F700FD52A0;
					};
				};
			};
			buildConfigurationList = 185FF8D3249375F700FD52A0 /* Build configuration list for PBXProject "Seven" */;
			compatibilityVersion = "Xcode 9.3";
			developmentRegion = en;
			hasScannedForEncodings = 0;
			knownRegions = (
				en,
				Base,
			);
			mainGroup = 185FF8CF249375F700FD52A0;
			productRefGroup = 185FF8D9249375F700FD52A0 /* Products */;
			projectDirPath = "";
			projectRoot = "";
			targets = (
				185FF8D7249375F700FD52A0 /* Seven */,
				185FF8ED249375FF00FD52A0 /* SevenTests */,
			);
		};
/* End PBXProject section */

/* Begin PBXResourcesBuildPhase section */
		185FF8D6249375F700FD52A0 /* Resources */ = {
			isa = PBXResourcesBuildPhase;
			buildActionMask = 2147483647;
			files = (
				185FF8E8249375FE00FD52A0 /* LaunchScreen.storyboard in Resources */,
				185FF8E5249375FE00FD52A0 /* Assets.xcassets in Resources */,
				185FF8E3249375F700FD52A0 /* Main.storyboard in Resources */,
			);
			runOnlyForDeploymentPostprocessing = 0;
		};
		185FF8EC249375FF00FD52A0 /* Resources */ = {
			isa = PBXResourcesBuildPhase;
			buildActionMask = 2147483647;
			files = (
			);
			runOnlyForDeploymentPostprocessing = 0;
		};
/* End PBXResourcesBuildPhase section */

/* Begin PBXSourcesBuildPhase section */
		185FF8D4249375F700FD52A0 /* Sources */ = {
			isa = PBXSourcesBuildPhase;
			buildActionMask = 2147483647;
			files = (
				185FF8E0249375F700FD52A0 /* ViewController.swift in Sources */,
				185FF90224937C4300FD52A0 /* GameHelperFunctions.swift in Sources */,
				185FF8FE2493761600FD52A0 /* GameModel.swift in Sources */,
				185FF904249665E800FD52A0 /* AnimationFunctions.swift in Sources */,
				185FF90024937A9600FD52A0 /* GameViews.swift in Sources */,
				185FF8DC249375F700FD52A0 /* AppDelegate.swift in Sources */,
				185FF8DE249375F700FD52A0 /* SceneDelegate.swift in Sources */,
			);
			runOnlyForDeploymentPostprocessing = 0;
		};
		185FF8EA249375FF00FD52A0 /* Sources */ = {
			isa = PBXSourcesBuildPhase;
			buildActionMask = 2147483647;
			files = (
				185FF8F3249375FF00FD52A0 /* SevenTests.swift in Sources */,
			);
			runOnlyForDeploymentPostprocessing = 0;
		};
/* End PBXSourcesBuildPhase section */

/* Begin PBXTargetDependency section */
		185FF8F0249375FF00FD52A0 /* PBXTargetDependency */ = {
			isa = PBXTargetDependency;
			target = 185FF8D7249375F700FD52A0 /* Seven */;
			targetProxy = 185FF8EF249375FF00FD52A0 /* PBXContainerItemProxy */;
		};
/* End PBXTargetDependency section */

/* Begin PBXVariantGroup section */
		185FF8E1249375F700FD52A0 /* Main.storyboard */ = {
			isa = PBXVariantGroup;
			children = (
				185FF8E2249375F700FD52A0 /* Base */,
			);
			name = Main.storyboard;
			sourceTree = "<group>";
		};
		185FF8E6249375FE00FD52A0 /* LaunchScreen.storyboard */ = {
			isa = PBXVariantGroup;
			children = (
				185FF8E7249375FE00FD52A0 /* Base */,
			);
			name = LaunchScreen.storyboard;
			sourceTree = "<group>";
		};
/* End PBXVariantGroup section */

/* Begin XCBuildConfiguration section */
		185FF8F5249375FF00FD52A0 /* Debug */ = {
			isa = XCBuildConfiguration;
			buildSettings = {
				ALWAYS_SEARCH_USER_PATHS = NO;
				CLANG_ANALYZER_NONNULL = YES;
				CLANG_ANALYZER_NUMBER_OBJECT_CONVERSION = YES_AGGRESSIVE;
				CLANG_CXX_LANGUAGE_STANDARD = "gnu++14";
				CLANG_CXX_LIBRARY = "libc++";
				CLANG_ENABLE_MODULES = YES;
				CLANG_ENABLE_OBJC_ARC = YES;
				CLANG_ENABLE_OBJC_WEAK = YES;
				CLANG_WARN_BLOCK_CAPTURE_AUTORELEASING = YES;
				CLANG_WARN_BOOL_CONVERSION = YES;
				CLANG_WARN_COMMA = YES;
				CLANG_WARN_CONSTANT_CONVERSION = YES;
				CLANG_WARN_DEPRECATED_OBJC_IMPLEMENTATIONS = YES;
				CLANG_WARN_DIRECT_OBJC_ISA_USAGE = YES_ERROR;
				CLANG_WARN_DOCUMENTATION_COMMENTS = YES;
				CLANG_WARN_EMPTY_BODY = YES;
				CLANG_WARN_ENUM_CONVERSION = YES;
				CLANG_WARN_INFINITE_RECURSION = YES;
				CLANG_WARN_INT_CONVERSION = YES;
				CLANG_WARN_NON_LITERAL_NULL_CONVERSION = YES;
				CLANG_WARN_OBJC_IMPLICIT_RETAIN_SELF = YES;
				CLANG_WARN_OBJC_LITERAL_CONVERSION = YES;
				CLANG_WARN_OBJC_ROOT_CLASS = YES_ERROR;
				CLANG_WARN_RANGE_LOOP_ANALYSIS = YES;
				CLANG_WARN_STRICT_PROTOTYPES = YES;
				CLANG_WARN_SUSPICIOUS_MOVE = YES;
				CLANG_WARN_UNGUARDED_AVAILABILITY = YES_AGGRESSIVE;
				CLANG_WARN_UNREACHABLE_CODE = YES;
				CLANG_WARN__DUPLICATE_METHOD_MATCH = YES;
				COPY_PHASE_STRIP = NO;
				DEBUG_INFORMATION_FORMAT = dwarf;
				ENABLE_STRICT_OBJC_MSGSEND = YES;
				ENABLE_TESTABILITY = YES;
				GCC_C_LANGUAGE_STANDARD = gnu11;
				GCC_DYNAMIC_NO_PIC = NO;
				GCC_NO_COMMON_BLOCKS = YES;
				GCC_OPTIMIZATION_LEVEL = 0;
				GCC_PREPROCESSOR_DEFINITIONS = (
					"DEBUG=1",
					"$(inherited)",
				);
				GCC_WARN_64_TO_32_BIT_CONVERSION = YES;
				GCC_WARN_ABOUT_RETURN_TYPE = YES_ERROR;
				GCC_WARN_UNDECLARED_SELECTOR = YES;
				GCC_WARN_UNINITIALIZED_AUTOS = YES_AGGRESSIVE;
				GCC_WARN_UNUSED_FUNCTION = YES;
				GCC_WARN_UNUSED_VARIABLE = YES;
				IPHONEOS_DEPLOYMENT_TARGET = 13.5;
				MTL_ENABLE_DEBUG_INFO = INCLUDE_SOURCE;
				MTL_FAST_MATH = YES;
				ONLY_ACTIVE_ARCH = YES;
				SDKROOT = iphoneos;
				SWIFT_ACTIVE_COMPILATION_CONDITIONS = DEBUG;
				SWIFT_OPTIMIZATION_LEVEL = "-Onone";
			};
			name = Debug;
		};
		185FF8F6249375FF00FD52A0 /* Release */ = {
			isa = XCBuildConfiguration;
			buildSettings = {
				ALWAYS_SEARCH_USER_PATHS = NO;
				CLANG_ANALYZER_NONNULL = YES;
				CLANG_ANALYZER_NUMBER_OBJECT_CONVERSION = YES_AGGRESSIVE;
				CLANG_CXX_LANGUAGE_STANDARD = "gnu++14";
				CLANG_CXX_LIBRARY = "libc++";
				CLANG_ENABLE_MODULES = YES;
				CLANG_ENABLE_OBJC_ARC = YES;
				CLANG_ENABLE_OBJC_WEAK = YES;
				CLANG_WARN_BLOCK_CAPTURE_AUTORELEASING = YES;
				CLANG_WARN_BOOL_CONVERSION = YES;
				CLANG_WARN_COMMA = YES;
				CLANG_WARN_CONSTANT_CONVERSION = YES;
				CLANG_WARN_DEPRECATED_OBJC_IMPLEMENTATIONS = YES;
				CLANG_WARN_DIRECT_OBJC_ISA_USAGE = YES_ERROR;
				CLANG_WARN_DOCUMENTATION_COMMENTS = YES;
				CLANG_WARN_EMPTY_BODY = YES;
				CLANG_WARN_ENUM_CONVERSION = YES;
				CLANG_WARN_INFINITE_RECURSION = YES;
				CLANG_WARN_INT_CONVERSION = YES;
				CLANG_WARN_NON_LITERAL_NULL_CONVERSION = YES;
				CLANG_WARN_OBJC_IMPLICIT_RETAIN_SELF = YES;
				CLANG_WARN_OBJC_LITERAL_CONVERSION = YES;
				CLANG_WARN_OBJC_ROOT_CLASS = YES_ERROR;
				CLANG_WARN_RANGE_LOOP_ANALYSIS = YES;
				CLANG_WARN_STRICT_PROTOTYPES = YES;
				CLANG_WARN_SUSPICIOUS_MOVE = YES;
				CLANG_WARN_UNGUARDED_AVAILABILITY = YES_AGGRESSIVE;
				CLANG_WARN_UNREACHABLE_CODE = YES;
				CLANG_WARN__DUPLICATE_METHOD_MATCH = YES;
				COPY_PHASE_STRIP = NO;
				DEBUG_INFORMATION_FORMAT = "dwarf-with-dsym";
				ENABLE_NS_ASSERTIONS = NO;
				ENABLE_STRICT_OBJC_MSGSEND = YES;
				GCC_C_LANGUAGE_STANDARD = gnu11;
				GCC_NO_COMMON_BLOCKS = YES;
				GCC_WARN_64_TO_32_BIT_CONVERSION = YES;
				GCC_WARN_ABOUT_RETURN_TYPE = YES_ERROR;
				GCC_WARN_UNDECLARED_SELECTOR = YES;
				GCC_WARN_UNINITIALIZED_AUTOS = YES_AGGRESSIVE;
				GCC_WARN_UNUSED_FUNCTION = YES;
				GCC_WARN_UNUSED_VARIABLE = YES;
				IPHONEOS_DEPLOYMENT_TARGET = 13.5;
				MTL_ENABLE_DEBUG_INFO = NO;
				MTL_FAST_MATH = YES;
				SDKROOT = iphoneos;
				SWIFT_COMPILATION_MODE = wholemodule;
				SWIFT_OPTIMIZATION_LEVEL = "-O";
				VALIDATE_PRODUCT = YES;
			};
			name = Release;
		};
		185FF8F8249375FF00FD52A0 /* Debug */ = {
			isa = XCBuildConfiguration;
			buildSettings = {
				ASSETCATALOG_COMPILER_APPICON_NAME = AppIcon;
				CODE_SIGN_STYLE = Automatic;
				DEVELOPMENT_TEAM = 46BZ4537VY;
				INFOPLIST_FILE = Seven/Info.plist;
				LD_RUNPATH_SEARCH_PATHS = (
					"$(inherited)",
					"@executable_path/Frameworks",
				);
				PRODUCT_BUNDLE_IDENTIFIER = com.example.Seven;
				PRODUCT_NAME = "$(TARGET_NAME)";
				SWIFT_VERSION = 5.0;
				TARGETED_DEVICE_FAMILY = "1,2";
			};
			name = Debug;
		};
		185FF8F9249375FF00FD52A0 /* Release */ = {
			isa = XCBuildConfiguration;
			buildSettings = {
				ASSETCATALOG_COMPILER_APPICON_NAME = AppIcon;
				CODE_SIGN_STYLE = Automatic;
				DEVELOPMENT_TEAM = 46BZ4537VY;
				INFOPLIST_FILE = Seven/Info.plist;
				LD_RUNPATH_SEARCH_PATHS = (
					"$(inherited)",
					"@executable_path/Frameworks",
				);
				PRODUCT_BUNDLE_IDENTIFIER = com.example.Seven;
				PRODUCT_NAME = "$(TARGET_NAME)";
				SWIFT_VERSION = 5.0;
				TARGETED_DEVICE_FAMILY = "1,2";
			};
			name = Release;
		};
		185FF8FB249375FF00FD52A0 /* Debug */ = {
			isa = XCBuildConfiguration;
			buildSettings = {
				ALWAYS_EMBED_SWIFT_STANDARD_LIBRARIES = YES;
				BUNDLE_LOADER = "$(TEST_HOST)";
				CODE_SIGN_STYLE = Automatic;
				DEVELOPMENT_TEAM = 46BZ4537VY;
				INFOPLIST_FILE = SevenTests/Info.plist;
				IPHONEOS_DEPLOYMENT_TARGET = 13.5;
				LD_RUNPATH_SEARCH_PATHS = (
					"$(inherited)",
					"@executable_path/Frameworks",
					"@loader_path/Frameworks",
				);
				PRODUCT_BUNDLE_IDENTIFIER = com.example.SevenTests;
				PRODUCT_NAME = "$(TARGET_NAME)";
				SWIFT_VERSION = 5.0;
				TARGETED_DEVICE_FAMILY = "1,2";
				TEST_HOST = "$(BUILT_PRODUCTS_DIR)/Seven.app/Seven";
			};
			name = Debug;
		};
		185FF8FC249375FF00FD52A0 /* Release */ = {
			isa = XCBuildConfiguration;
			buildSettings = {
				ALWAYS_EMBED_SWIFT_STANDARD_LIBRARIES = YES;
				BUNDLE_LOADER = "$(TEST_HOST)";
				CODE_SIGN_STYLE = Automatic;
				DEVELOPMENT_TEAM = 46BZ4537VY;
				INFOPLIST_FILE = SevenTests/Info.plist;
				IPHONEOS_DEPLOYMENT_TARGET = 13.5;
				LD_RUNPATH_SEARCH_PATHS = (
					"$(inherited)",
					"@executable_path/Frameworks",
					"@loader_path/Frameworks",
				);
				PRODUCT_BUNDLE_IDENTIFIER = com.example.SevenTests;
				PRODUCT_NAME = "$(TARGET_NAME)";
				SWIFT_VERSION = 5.0;
				TARGETED_DEVICE_FAMILY = "1,2";
				TEST_HOST = "$(BUILT_PRODUCTS_DIR)/Seven.app/Seven";
			};
			name = Release;
		};
/* End XCBuildConfiguration section */

/* Begin XCConfigurationList section */
		185FF8D3249375F700FD52A0 /* Build configuration list for PBXProject "Seven" */ = {
			isa = XCConfigurationList;
			buildConfigurations = (
				185FF8F5249375FF00FD52A0 /* Debug */,
				185FF8F6249375FF00FD52A0 /* Release */,
			);
			defaultConfigurationIsVisible = 0;
			defaultConfigurationName = Release;
		};
		185FF8F7249375FF00FD52A0 /* Build configuration list for PBXNativeTarget "Seven" */ = {
			isa = XCConfigurationList;
			buildConfigurations = (
				185FF8F8249375FF00FD52A0 /* Debug */,
				185FF8F9249375FF00FD52A0 /* Release */,
			);
			defaultConfigurationIsVisible = 0;
			defaultConfigurationName = Release;
		};
		185FF8FA249375FF00FD52A0 /* Build configuration list for PBXNativeTarget "SevenTests" */ = {
			isa = XCConfigurationList;
			buildConfigurations = (
				185FF8FB249375FF00FD52A0 /* Debug */,
				185FF8FC249375FF00FD52A0 /* Release */,
			);
			defaultConfigurationIsVisible = 0;
			defaultConfigurationName = Release;
		};
/* End XCConfigurationList section */
	};
	rootObject = 185FF8D0249375F700FD52A0 /* Project object */;
}
